
Microsoft Visual Studio Solution File, Format Version 12.00
Project("{FAE04EC0-301F-11D3-BF4B-00C04F79EFBC}") = "Runtime", "Runtime\Runtime.csproj", "{99877861-0CBB-4B02-AD10-709E060DD9F1}"
EndProject
Project("{FAE04EC0-301F-11D3-BF4B-00C04F79EFBC}") = "UnitTests", "UnitTests\UnitTests.csproj", "{45EDCE32-E082-4952-AB4F-04289F2B685B}"
EndProject
Global
	GlobalSection(SolutionConfigurationPlatforms) = preSolution
		Debug|Any CPU = Debug|Any CPU
		Release|Any CPU = Release|Any CPU
	EndGlobalSection
	GlobalSection(ProjectConfigurationPlatforms) = postSolution
		{99877861-0CBB-4B02-AD10-709E060DD9F1}.Debug|Any CPU.ActiveCfg = Debug|Any CPU
		{99877861-0CBB-4B02-AD10-709E060DD9F1}.Debug|Any CPU.Build.0 = Debug|Any CPU
		{99877861-0CBB-4B02-AD10-709E060DD9F1}.Release|Any CPU.ActiveCfg = Release|Any CPU
		{99877861-0CBB-4B02-AD10-709E060DD9F1}.Release|Any CPU.Build.0 = Release|Any CPU
		{45EDCE32-E082-4952-AB4F-04289F2B685B}.Debug|Any CPU.ActiveCfg = Debug|Any CPU
		{45EDCE32-E082-4952-AB4F-04289F2B685B}.Debug|Any CPU.Build.0 = Debug|Any CPU
		{45EDCE32-E082-4952-AB4F-04289F2B685B}.Release|Any CPU.ActiveCfg = Release|Any CPU
		{45EDCE32-E082-4952-AB4F-04289F2B685B}.Release|Any CPU.Build.0 = Release|Any CPU
	EndGlobalSection
EndGlobal
