
Microsoft Visual Studio Solution File, Format Version 12.00
Project("{FAE04EC0-301F-11D3-BF4B-00C04F79EFBC}") = "UnitTests", "UnitTests\UnitTests.csproj", "{45EDCE32-E082-4952-AB4F-04289F2B685B}"
EndProject
Project("{FAE04EC0-301F-11D3-BF4B-00C04F79EFBC}") = "RFLibs", "RFLibs.csproj", "{913CE818-3807-4A94-9B4F-BDEB9B0A9300}"
EndProject
Global
	GlobalSection(SolutionConfigurationPlatforms) = preSolution
		Debug|Any CPU = Debug|Any CPU
		Debug|x64 = Debug|x64
		Debug|x86 = Debug|x86
		Release|Any CPU = Release|Any CPU
		Release|x64 = Release|x64
		Release|x86 = Release|x86
	EndGlobalSection
	GlobalSection(ProjectConfigurationPlatforms) = postSolution
		{45EDCE32-E082-4952-AB4F-04289F2B685B}.Debug|Any CPU.ActiveCfg = Debug|Any CPU
		{45EDCE32-E082-4952-AB4F-04289F2B685B}.Debug|Any CPU.Build.0 = Debug|Any CPU
		{45EDCE32-E082-4952-AB4F-04289F2B685B}.Debug|x64.ActiveCfg = Debug|Any CPU
		{45EDCE32-E082-4952-AB4F-04289F2B685B}.Debug|x64.Build.0 = Debug|Any CPU
		{45EDCE32-E082-4952-AB4F-04289F2B685B}.Debug|x86.ActiveCfg = Debug|Any CPU
		{45EDCE32-E082-4952-AB4F-04289F2B685B}.Debug|x86.Build.0 = Debug|Any CPU
		{45EDCE32-E082-4952-AB4F-04289F2B685B}.Release|Any CPU.ActiveCfg = Release|Any CPU
		{45EDCE32-E082-4952-AB4F-04289F2B685B}.Release|Any CPU.Build.0 = Release|Any CPU
		{45EDCE32-E082-4952-AB4F-04289F2B685B}.Release|x64.ActiveCfg = Release|Any CPU
		{45EDCE32-E082-4952-AB4F-04289F2B685B}.Release|x64.Build.0 = Release|Any CPU
		{45EDCE32-E082-4952-AB4F-04289F2B685B}.Release|x86.ActiveCfg = Release|Any CPU
		{45EDCE32-E082-4952-AB4F-04289F2B685B}.Release|x86.Build.0 = Release|Any CPU
		{913CE818-3807-4A94-9B4F-BDEB9B0A9300}.Debug|Any CPU.ActiveCfg = Debug|Any CPU
		{913CE818-3807-4A94-9B4F-BDEB9B0A9300}.Debug|Any CPU.Build.0 = Debug|Any CPU
		{913CE818-3807-4A94-9B4F-BDEB9B0A9300}.Debug|x64.ActiveCfg = Debug|Any CPU
		{913CE818-3807-4A94-9B4F-BDEB9B0A9300}.Debug|x64.Build.0 = Debug|Any CPU
		{913CE818-3807-4A94-9B4F-BDEB9B0A9300}.Debug|x86.ActiveCfg = Debug|Any CPU
		{913CE818-3807-4A94-9B4F-BDEB9B0A9300}.Debug|x86.Build.0 = Debug|Any CPU
		{913CE818-3807-4A94-9B4F-BDEB9B0A9300}.Release|Any CPU.ActiveCfg = Release|Any CPU
		{913CE818-3807-4A94-9B4F-BDEB9B0A9300}.Release|Any CPU.Build.0 = Release|Any CPU
		{913CE818-3807-4A94-9B4F-BDEB9B0A9300}.Release|x64.ActiveCfg = Release|Any CPU
		{913CE818-3807-4A94-9B4F-BDEB9B0A9300}.Release|x64.Build.0 = Release|Any CPU
		{913CE818-3807-4A94-9B4F-BDEB9B0A9300}.Release|x86.ActiveCfg = Release|Any CPU
		{913CE818-3807-4A94-9B4F-BDEB9B0A9300}.Release|x86.Build.0 = Release|Any CPU
	EndGlobalSection
	GlobalSection(SolutionProperties) = preSolution
		HideSolutionNode = FALSE
	EndGlobalSection
EndGlobal
